Microsoft Visual Studio Solution File, Format Version 11.00
# Visual Studio 2008

Project("{A7D3C8A4-37D9-93A7-AE2E-47A96676D653}") = "CharacterDesign", "Assembly-CSharp-firstpass-vs.csproj", "{9C02BE70-8366-8822-A72D-34EC860811E2}"
EndProject
Project("{A7D3C8A4-37D9-93A7-AE2E-47A96676D653}") = "CharacterDesign", "Assembly-CSharp-vs.csproj", "{82D324B0-B6D8-E970-215D-47204B5E9CAE}"
EndProject
Global
	GlobalSection(SolutionConfigurationPlatforms) = preSolution
		Debug|Any CPU = Debug|Any CPU
		Release|Any CPU = Release|Any CPU
	EndGlobalSection
	GlobalSection(ProjectConfigurationPlatforms) = postSolution
		{9C02BE70-8366-8822-A72D-34EC860811E2}.Debug|Any CPU.ActiveCfg = Debug|Any CPU
		{9C02BE70-8366-8822-A72D-34EC860811E2}.Debug|Any CPU.Build.0 = Debug|Any CPU
		{9C02BE70-8366-8822-A72D-34EC860811E2}.Release|Any CPU.ActiveCfg = Release|Any CPU
		{9C02BE70-8366-8822-A72D-34EC860811E2}.Release|Any CPU.Build.0 = Release|Any CPU
		{82D324B0-B6D8-E970-215D-47204B5E9CAE}.Debug|Any CPU.ActiveCfg = Debug|Any CPU
		{82D324B0-B6D8-E970-215D-47204B5E9CAE}.Debug|Any CPU.Build.0 = Debug|Any CPU
		{82D324B0-B6D8-E970-215D-47204B5E9CAE}.Release|Any CPU.ActiveCfg = Release|Any CPU
		{82D324B0-B6D8-E970-215D-47204B5E9CAE}.Release|Any CPU.Build.0 = Release|Any CPU
	EndGlobalSection
	GlobalSection(SolutionProperties) = preSolution
		HideSolutionNode = FALSE
	EndGlobalSection
																									GlobalSection(MonoDevelopProperties) = preSolution
		StartupItem = Assembly-CSharp.csproj
		Policies = $0
		$0.TextStylePolicy = $1
		$1.inheritsSet = null
		$1.scope = text/x-csharp
		$0.CSharpFormattingPolicy = $2
		$2.inheritsSet = Mono
		$2.inheritsScope = text/x-csharp
		$2.scope = text/x-csharp
		$0.TextStylePolicy = $3
		$3.FileWidth = 120
		$3.TabWidth = 4
		$3.EolMarker = Unix
		$3.inheritsSet = Mono
		$3.inheritsScope = text/plain
		$3.scope = text/plain
	EndGlobalSection

EndGlobal
