Microsoft Visual Studio Solution File, Format Version 11.00
# Visual Studio 2008

Project("{C5E366D0-07BE-2EE1-0151-768A1150E7B8}") = "characterdesign", "Assembly-CSharp-firstpass-vs.csproj", "{BEE8F4CC-8E50-FC7C-0695-15D3FB03CDCF}"
EndProject
Project("{C5E366D0-07BE-2EE1-0151-768A1150E7B8}") = "characterdesign", "Assembly-CSharp-vs.csproj", "{230F42AE-9EA6-913C-E1CD-39CE56122B5A}"
EndProject
Global
	GlobalSection(SolutionConfigurationPlatforms) = preSolution
		Debug|Any CPU = Debug|Any CPU
		Release|Any CPU = Release|Any CPU
	EndGlobalSection
	GlobalSection(ProjectConfigurationPlatforms) = postSolution
		{BEE8F4CC-8E50-FC7C-0695-15D3FB03CDCF}.Debug|Any CPU.ActiveCfg = Debug|Any CPU
		{BEE8F4CC-8E50-FC7C-0695-15D3FB03CDCF}.Debug|Any CPU.Build.0 = Debug|Any CPU
		{BEE8F4CC-8E50-FC7C-0695-15D3FB03CDCF}.Release|Any CPU.ActiveCfg = Release|Any CPU
		{BEE8F4CC-8E50-FC7C-0695-15D3FB03CDCF}.Release|Any CPU.Build.0 = Release|Any CPU
		{230F42AE-9EA6-913C-E1CD-39CE56122B5A}.Debug|Any CPU.ActiveCfg = Debug|Any CPU
		{230F42AE-9EA6-913C-E1CD-39CE56122B5A}.Debug|Any CPU.Build.0 = Debug|Any CPU
		{230F42AE-9EA6-913C-E1CD-39CE56122B5A}.Release|Any CPU.ActiveCfg = Release|Any CPU
		{230F42AE-9EA6-913C-E1CD-39CE56122B5A}.Release|Any CPU.Build.0 = Release|Any CPU
	EndGlobalSection
	GlobalSection(SolutionProperties) = preSolution
		HideSolutionNode = FALSE
	EndGlobalSection
																																													GlobalSection(MonoDevelopProperties) = preSolution
		StartupItem = Assembly-CSharp.csproj
		Policies = $0
		$0.TextStylePolicy = $1
		$1.inheritsSet = null
		$1.scope = text/x-csharp
		$0.CSharpFormattingPolicy = $2
		$2.inheritsSet = Mono
		$2.inheritsScope = text/x-csharp
		$2.scope = text/x-csharp
		$0.TextStylePolicy = $3
		$3.FileWidth = 120
		$3.TabWidth = 4
		$3.EolMarker = Unix
		$3.inheritsSet = Mono
		$3.inheritsScope = text/plain
		$3.scope = text/plain
	EndGlobalSection

EndGlobal
